
Microsoft Visual Studio Solution File, Format Version 12.00
# Visual Studio 15
VisualStudioVersion = 15.0.28307.168
MinimumVisualStudioVersion = 10.0.40219.1
Project("{9A19103F-16F7-4668-BE54-9A1E7A4F7556}") = "JabulaniIsoMetrix_Ass", "JabulaniIsoMetrix_Ass\JabulaniIsoMetrix_Ass.csproj", "{7940D72E-F7C2-43B4-8B7A-CAE225B77385}"
EndProject
Project("{9A19103F-16F7-4668-BE54-9A1E7A4F7556}") = "CustomGenericLinkedList", "CustomGenericLinkedList\CustomGenericLinkedList.csproj", "{7C24D6A6-53B1-442B-9CA3-9BE83E436E8B}"
EndProject
Project("{9A19103F-16F7-4668-BE54-9A1E7A4F7556}") = "CustomeGenericLinkedList.Tests", "CustomeGenericLinkedList.Tests\CustomeGenericLinkedList.Tests.csproj", "{7953B821-4EAD-4BAE-A760-F60CA37AEFF3}"
EndProject
Global
	GlobalSection(SolutionConfigurationPlatforms) = preSolution
		Debug|Any CPU = Debug|Any CPU
		Release|Any CPU = Release|Any CPU
	EndGlobalSection
	GlobalSection(ProjectConfigurationPlatforms) = postSolution
		{7940D72E-F7C2-43B4-8B7A-CAE225B77385}.Debug|Any CPU.ActiveCfg = Debug|Any CPU
		{7940D72E-F7C2-43B4-8B7A-CAE225B77385}.Debug|Any CPU.Build.0 = Debug|Any CPU
		{7940D72E-F7C2-43B4-8B7A-CAE225B77385}.Release|Any CPU.ActiveCfg = Release|Any CPU
		{7940D72E-F7C2-43B4-8B7A-CAE225B77385}.Release|Any CPU.Build.0 = Release|Any CPU
		{7C24D6A6-53B1-442B-9CA3-9BE83E436E8B}.Debug|Any CPU.ActiveCfg = Debug|Any CPU
		{7C24D6A6-53B1-442B-9CA3-9BE83E436E8B}.Debug|Any CPU.Build.0 = Debug|Any CPU
		{7C24D6A6-53B1-442B-9CA3-9BE83E436E8B}.Release|Any CPU.ActiveCfg = Release|Any CPU
		{7C24D6A6-53B1-442B-9CA3-9BE83E436E8B}.Release|Any CPU.Build.0 = Release|Any CPU
		{7953B821-4EAD-4BAE-A760-F60CA37AEFF3}.Debug|Any CPU.ActiveCfg = Debug|Any CPU
		{7953B821-4EAD-4BAE-A760-F60CA37AEFF3}.Debug|Any CPU.Build.0 = Debug|Any CPU
		{7953B821-4EAD-4BAE-A760-F60CA37AEFF3}.Release|Any CPU.ActiveCfg = Release|Any CPU
		{7953B821-4EAD-4BAE-A760-F60CA37AEFF3}.Release|Any CPU.Build.0 = Release|Any CPU
	EndGlobalSection
	GlobalSection(SolutionProperties) = preSolution
		HideSolutionNode = FALSE
	EndGlobalSection
	GlobalSection(ExtensibilityGlobals) = postSolution
		SolutionGuid = {4D8D57E8-380B-47A9-8AE1-BF8B6CB53697}
	EndGlobalSection
EndGlobal
